// !$*UTF8*$!
{
	archiveVersion = 1;
	classes = {
	};
	objectVersion = 50;
	objects = {

/* Begin PBXBuildFile section */
		9CE2990C24EF36602C56898E /* Pods_DJHCommonCore.framework in Frameworks */ = {isa = PBXBuildFile; fileRef = B9A4DA7F068D90B1DCDD6DB6 /* Pods_DJHCommonCore.framework */; };
		9F033F0422F95D97008C5800 /* DJHBaseTabBarController.h in Headers */ = {isa = PBXBuildFile; fileRef = 9F033F0222F95D97008C5800 /* DJHBaseTabBarController.h */; settings = {ATTRIBUTES = (Public, ); }; };
		9F033F0522F95D97008C5800 /* DJHBaseTabBarController.m in Sources */ = {isa = PBXBuildFile; fileRef = 9F033F0322F95D97008C5800 /* DJHBaseTabBarController.m */; };
		9F033F0822F95DC9008C5800 /* DJHBaseViewController.h in Headers */ = {isa = PBXBuildFile; fileRef = 9F033F0622F95DC9008C5800 /* DJHBaseViewController.h */; settings = {ATTRIBUTES = (Public, ); }; };
		9F033F0922F95DC9008C5800 /* DJHBaseViewController.m in Sources */ = {isa = PBXBuildFile; fileRef = 9F033F0722F95DC9008C5800 /* DJHBaseViewController.m */; };
		9F033F1022F96649008C5800 /* DJHBaseNavigationController.h in Headers */ = {isa = PBXBuildFile; fileRef = 9F033F0E22F96649008C5800 /* DJHBaseNavigationController.h */; settings = {ATTRIBUTES = (Public, ); }; };
		9F033F1122F96649008C5800 /* DJHBaseNavigationController.m in Sources */ = {isa = PBXBuildFile; fileRef = 9F033F0F22F96649008C5800 /* DJHBaseNavigationController.m */; };
		9F10484F22E3008C008B9B40 /* DJHNetworkRequest.h in Headers */ = {isa = PBXBuildFile; fileRef = 9F10484D22E3008C008B9B40 /* DJHNetworkRequest.h */; };
		9F10485022E3008C008B9B40 /* DJHNetworkRequest.m in Sources */ = {isa = PBXBuildFile; fileRef = 9F10484E22E3008C008B9B40 /* DJHNetworkRequest.m */; };
		9F302B2123039E6100550215 /* DJHCommonCore.podspec in Resources */ = {isa = PBXBuildFile; fileRef = 9F302B2023039E6100550215 /* DJHCommonCore.podspec */; };
		9F302B2423039EE000550215 /* DJHThemeStyleManager.h in Headers */ = {isa = PBXBuildFile; fileRef = 9F302B2223039EE000550215 /* DJHThemeStyleManager.h */; };
		9F302B2523039EE000550215 /* DJHThemeStyleManager.m in Sources */ = {isa = PBXBuildFile; fileRef = 9F302B2323039EE000550215 /* DJHThemeStyleManager.m */; };
		9F302B2823039EEE00550215 /* DJHTheme.h in Headers */ = {isa = PBXBuildFile; fileRef = 9F302B2623039EEE00550215 /* DJHTheme.h */; };
		9F302B2923039EEE00550215 /* DJHTheme.m in Sources */ = {isa = PBXBuildFile; fileRef = 9F302B2723039EEE00550215 /* DJHTheme.m */; };
		9F302B2C23039F2C00550215 /* DJHTableSection.h in Headers */ = {isa = PBXBuildFile; fileRef = 9F302B2A23039F2C00550215 /* DJHTableSection.h */; settings = {ATTRIBUTES = (Public, ); }; };
		9F302B2D23039F2C00550215 /* DJHTableSection.m in Sources */ = {isa = PBXBuildFile; fileRef = 9F302B2B23039F2C00550215 /* DJHTableSection.m */; };
		9F302B3023039FCA00550215 /* DJHBaseTableViewCell.h in Headers */ = {isa = PBXBuildFile; fileRef = 9F302B2E23039FCA00550215 /* DJHBaseTableViewCell.h */; settings = {ATTRIBUTES = (Public, ); }; };
		9F302B3123039FCA00550215 /* DJHBaseTableViewCell.m in Sources */ = {isa = PBXBuildFile; fileRef = 9F302B2F23039FCA00550215 /* DJHBaseTableViewCell.m */; };
		9F302B3D2303BC2400550215 /* DJHBaseViewModel.h in Headers */ = {isa = PBXBuildFile; fileRef = 9F302B3B2303BC2400550215 /* DJHBaseViewModel.h */; settings = {ATTRIBUTES = (Public, ); }; };
		9F302B3E2303BC2400550215 /* DJHBaseViewModel.m in Sources */ = {isa = PBXBuildFile; fileRef = 9F302B3C2303BC2400550215 /* DJHBaseViewModel.m */; };
		9F302B4123040CFE00550215 /* DJHBaseTableViewController.h in Headers */ = {isa = PBXBuildFile; fileRef = 9F302B3F23040CFE00550215 /* DJHBaseTableViewController.h */; settings = {ATTRIBUTES = (Public, ); }; };
		9F302B4223040CFE00550215 /* DJHBaseTableViewController.m in Sources */ = {isa = PBXBuildFile; fileRef = 9F302B4023040CFE00550215 /* DJHBaseTableViewController.m */; };
		9F88FA4222E073AB00CA02F0 /* DJHNetworkAgent.h in Headers */ = {isa = PBXBuildFile; fileRef = 9F88FA4022E073AB00CA02F0 /* DJHNetworkAgent.h */; };
		9F88FA4322E073AB00CA02F0 /* DJHNetworkAgent.m in Sources */ = {isa = PBXBuildFile; fileRef = 9F88FA4122E073AB00CA02F0 /* DJHNetworkAgent.m */; };
		9FE208F822DD610B00B1E1B7 /* DJHCommonCore.h in Headers */ = {isa = PBXBuildFile; fileRef = 9FE208F622DD610B00B1E1B7 /* DJHCommonCore.h */; settings = {ATTRIBUTES = (Public, ); }; };
		9FF2EEA422E1A48300765590 /* DJHBaseRequest.h in Headers */ = {isa = PBXBuildFile; fileRef = 9FF2EEA222E1A48300765590 /* DJHBaseRequest.h */; };
		9FF2EEA522E1A48300765590 /* DJHBaseRequest.m in Sources */ = {isa = PBXBuildFile; fileRef = 9FF2EEA322E1A48300765590 /* DJHBaseRequest.m */; };
		9FF2EEA822E21FA500765590 /* DJHNetworkTool.h in Headers */ = {isa = PBXBuildFile; fileRef = 9FF2EEA622E21FA500765590 /* DJHNetworkTool.h */; };
		9FF2EEA922E21FA500765590 /* DJHNetworkTool.m in Sources */ = {isa = PBXBuildFile; fileRef = 9FF2EEA722E21FA500765590 /* DJHNetworkTool.m */; };
/* End PBXBuildFile section */

/* Begin PBXFileReference section */
		5F20A785B31A6F83F60940F1 /* Pods-DJHCommonCore.release.xcconfig */ = {isa = PBXFileReference; includeInIndex = 1; lastKnownFileType = text.xcconfig; name = "Pods-DJHCommonCore.release.xcconfig"; path = "../Pods/Target Support Files/Pods-DJHCommonCore/Pods-DJHCommonCore.release.xcconfig"; sourceTree = "<group>"; };
		9F033F0222F95D97008C5800 /* DJHBaseTabBarController.h */ = {isa = PBXFileReference; lastKnownFileType = sourcecode.c.h; path = DJHBaseTabBarController.h; sourceTree = "<group>"; };
		9F033F0322F95D97008C5800 /* DJHBaseTabBarController.m */ = {isa = PBXFileReference; lastKnownFileType = sourcecode.c.objc; path = DJHBaseTabBarController.m; sourceTree = "<group>"; };
		9F033F0622F95DC9008C5800 /* DJHBaseViewController.h */ = {isa = PBXFileReference; lastKnownFileType = sourcecode.c.h; path = DJHBaseViewController.h; sourceTree = "<group>"; };
		9F033F0722F95DC9008C5800 /* DJHBaseViewController.m */ = {isa = PBXFileReference; lastKnownFileType = sourcecode.c.objc; path = DJHBaseViewController.m; sourceTree = "<group>"; };
		9F033F0E22F96649008C5800 /* DJHBaseNavigationController.h */ = {isa = PBXFileReference; lastKnownFileType = sourcecode.c.h; path = DJHBaseNavigationController.h; sourceTree = "<group>"; };
		9F033F0F22F96649008C5800 /* DJHBaseNavigationController.m */ = {isa = PBXFileReference; lastKnownFileType = sourcecode.c.objc; path = DJHBaseNavigationController.m; sourceTree = "<group>"; };
		9F10484D22E3008C008B9B40 /* DJHNetworkRequest.h */ = {isa = PBXFileReference; lastKnownFileType = sourcecode.c.h; path = DJHNetworkRequest.h; sourceTree = "<group>"; };
		9F10484E22E3008C008B9B40 /* DJHNetworkRequest.m */ = {isa = PBXFileReference; lastKnownFileType = sourcecode.c.objc; path = DJHNetworkRequest.m; sourceTree = "<group>"; };
		9F302B2023039E6100550215 /* DJHCommonCore.podspec */ = {isa = PBXFileReference; fileEncoding = 4; lastKnownFileType = text; path = DJHCommonCore.podspec; sourceTree = SOURCE_ROOT; };
		9F302B2223039EE000550215 /* DJHThemeStyleManager.h */ = {isa = PBXFileReference; lastKnownFileType = sourcecode.c.h; path = DJHThemeStyleManager.h; sourceTree = "<group>"; };
		9F302B2323039EE000550215 /* DJHThemeStyleManager.m */ = {isa = PBXFileReference; lastKnownFileType = sourcecode.c.objc; path = DJHThemeStyleManager.m; sourceTree = "<group>"; };
		9F302B2623039EEE00550215 /* DJHTheme.h */ = {isa = PBXFileReference; lastKnownFileType = sourcecode.c.h; path = DJHTheme.h; sourceTree = "<group>"; };
		9F302B2723039EEE00550215 /* DJHTheme.m */ = {isa = PBXFileReference; lastKnownFileType = sourcecode.c.objc; path = DJHTheme.m; sourceTree = "<group>"; };
		9F302B2A23039F2C00550215 /* DJHTableSection.h */ = {isa = PBXFileReference; lastKnownFileType = sourcecode.c.h; path = DJHTableSection.h; sourceTree = "<group>"; };
		9F302B2B23039F2C00550215 /* DJHTableSection.m */ = {isa = PBXFileReference; lastKnownFileType = sourcecode.c.objc; path = DJHTableSection.m; sourceTree = "<group>"; };
		9F302B2E23039FCA00550215 /* DJHBaseTableViewCell.h */ = {isa = PBXFileReference; lastKnownFileType = sourcecode.c.h; path = DJHBaseTableViewCell.h; sourceTree = "<group>"; };
		9F302B2F23039FCA00550215 /* DJHBaseTableViewCell.m */ = {isa = PBXFileReference; lastKnownFileType = sourcecode.c.objc; path = DJHBaseTableViewCell.m; sourceTree = "<group>"; };
		9F302B3B2303BC2400550215 /* DJHBaseViewModel.h */ = {isa = PBXFileReference; lastKnownFileType = sourcecode.c.h; path = DJHBaseViewModel.h; sourceTree = "<group>"; };
		9F302B3C2303BC2400550215 /* DJHBaseViewModel.m */ = {isa = PBXFileReference; lastKnownFileType = sourcecode.c.objc; path = DJHBaseViewModel.m; sourceTree = "<group>"; };
		9F302B3F23040CFE00550215 /* DJHBaseTableViewController.h */ = {isa = PBXFileReference; lastKnownFileType = sourcecode.c.h; path = DJHBaseTableViewController.h; sourceTree = "<group>"; };
		9F302B4023040CFE00550215 /* DJHBaseTableViewController.m */ = {isa = PBXFileReference; lastKnownFileType = sourcecode.c.objc; path = DJHBaseTableViewController.m; sourceTree = "<group>"; };
		9F88FA4022E073AB00CA02F0 /* DJHNetworkAgent.h */ = {isa = PBXFileReference; lastKnownFileType = sourcecode.c.h; path = DJHNetworkAgent.h; sourceTree = "<group>"; };
		9F88FA4122E073AB00CA02F0 /* DJHNetworkAgent.m */ = {isa = PBXFileReference; lastKnownFileType = sourcecode.c.objc; path = DJHNetworkAgent.m; sourceTree = "<group>"; };
		9FE208F322DD610B00B1E1B7 /* DJHCommonCore.framework */ = {isa = PBXFileReference; explicitFileType = wrapper.framework; includeInIndex = 0; path = DJHCommonCore.framework; sourceTree = BUILT_PRODUCTS_DIR; };
		9FE208F622DD610B00B1E1B7 /* DJHCommonCore.h */ = {isa = PBXFileReference; lastKnownFileType = sourcecode.c.h; path = DJHCommonCore.h; sourceTree = "<group>"; };
		9FE208F722DD610B00B1E1B7 /* Info.plist */ = {isa = PBXFileReference; lastKnownFileType = text.plist.xml; path = Info.plist; sourceTree = "<group>"; };
		9FF2EEA222E1A48300765590 /* DJHBaseRequest.h */ = {isa = PBXFileReference; lastKnownFileType = sourcecode.c.h; path = DJHBaseRequest.h; sourceTree = "<group>"; };
		9FF2EEA322E1A48300765590 /* DJHBaseRequest.m */ = {isa = PBXFileReference; lastKnownFileType = sourcecode.c.objc; path = DJHBaseRequest.m; sourceTree = "<group>"; };
		9FF2EEA622E21FA500765590 /* DJHNetworkTool.h */ = {isa = PBXFileReference; lastKnownFileType = sourcecode.c.h; path = DJHNetworkTool.h; sourceTree = "<group>"; };
		9FF2EEA722E21FA500765590 /* DJHNetworkTool.m */ = {isa = PBXFileReference; lastKnownFileType = sourcecode.c.objc; path = DJHNetworkTool.m; sourceTree = "<group>"; };
		B547709B642BA8CD2CA85494 /* Pods-DJHCommonCore.debug.xcconfig */ = {isa = PBXFileReference; includeInIndex = 1; lastKnownFileType = text.xcconfig; name = "Pods-DJHCommonCore.debug.xcconfig"; path = "../Pods/Target Support Files/Pods-DJHCommonCore/Pods-DJHCommonCore.debug.xcconfig"; sourceTree = "<group>"; };
		B9A4DA7F068D90B1DCDD6DB6 /* Pods_DJHCommonCore.framework */ = {isa = PBXFileReference; explicitFileType = wrapper.framework; includeInIndex = 0; path = Pods_DJHCommonCore.framework; sourceTree = BUILT_PRODUCTS_DIR; };
/* End PBXFileReference section */

/* Begin PBXFrameworksBuildPhase section */
		9FE208F022DD610B00B1E1B7 /* Frameworks */ = {
			isa = PBXFrameworksBuildPhase;
			buildActionMask = 2147483647;
			files = (
				9CE2990C24EF36602C56898E /* Pods_DJHCommonCore.framework in Frameworks */,
			);
			runOnlyForDeploymentPostprocessing = 0;
		};
/* End PBXFrameworksBuildPhase section */

/* Begin PBXGroup section */
		77B2DDFDD6FA4E3606E35BC4 /* Pods */ = {
			isa = PBXGroup;
			children = (
				B547709B642BA8CD2CA85494 /* Pods-DJHCommonCore.debug.xcconfig */,
				5F20A785B31A6F83F60940F1 /* Pods-DJHCommonCore.release.xcconfig */,
			);
			name = Pods;
			sourceTree = "<group>";
		};
		9F10485122E322C7008B9B40 /* DJHBaseClass */ = {
			isa = PBXGroup;
			children = (
				9F033F0222F95D97008C5800 /* DJHBaseTabBarController.h */,
				9F033F0322F95D97008C5800 /* DJHBaseTabBarController.m */,
				9F033F0622F95DC9008C5800 /* DJHBaseViewController.h */,
				9F033F0722F95DC9008C5800 /* DJHBaseViewController.m */,
				9F033F0E22F96649008C5800 /* DJHBaseNavigationController.h */,
				9F033F0F22F96649008C5800 /* DJHBaseNavigationController.m */,
				9F302B2E23039FCA00550215 /* DJHBaseTableViewCell.h */,
				9F302B2F23039FCA00550215 /* DJHBaseTableViewCell.m */,
				9F302B3B2303BC2400550215 /* DJHBaseViewModel.h */,
				9F302B3C2303BC2400550215 /* DJHBaseViewModel.m */,
				9F302B3F23040CFE00550215 /* DJHBaseTableViewController.h */,
				9F302B4023040CFE00550215 /* DJHBaseTableViewController.m */,
			);
			path = DJHBaseClass;
			sourceTree = "<group>";
		};
		9F302B1E23039E3600550215 /* DJHUtility */ = {
			isa = PBXGroup;
			children = (
				9F302B2A23039F2C00550215 /* DJHTableSection.h */,
				9F302B2B23039F2C00550215 /* DJHTableSection.m */,
			);
			path = DJHUtility;
			sourceTree = "<group>";
		};
		9F302B1F23039E4500550215 /* DJHThemeStyle */ = {
			isa = PBXGroup;
			children = (
				9F302B2623039EEE00550215 /* DJHTheme.h */,
				9F302B2723039EEE00550215 /* DJHTheme.m */,
				9F302B2223039EE000550215 /* DJHThemeStyleManager.h */,
				9F302B2323039EE000550215 /* DJHThemeStyleManager.m */,
			);
			path = DJHThemeStyle;
			sourceTree = "<group>";
		};
		9F88FA3C22E0659A00CA02F0 /* Classes */ = {
			isa = PBXGroup;
			children = (
				9F302B1F23039E4500550215 /* DJHThemeStyle */,
				9F302B1E23039E3600550215 /* DJHUtility */,
				9F10485122E322C7008B9B40 /* DJHBaseClass */,
				9F88FA3F22E066CF00CA02F0 /* DJHNetworking */,
			);
			path = Classes;
			sourceTree = "<group>";
		};
		9F88FA3F22E066CF00CA02F0 /* DJHNetworking */ = {
			isa = PBXGroup;
			children = (
				9F88FA4022E073AB00CA02F0 /* DJHNetworkAgent.h */,
				9F88FA4122E073AB00CA02F0 /* DJHNetworkAgent.m */,
				9FF2EEA222E1A48300765590 /* DJHBaseRequest.h */,
				9FF2EEA322E1A48300765590 /* DJHBaseRequest.m */,
				9FF2EEA622E21FA500765590 /* DJHNetworkTool.h */,
				9FF2EEA722E21FA500765590 /* DJHNetworkTool.m */,
				9F10484D22E3008C008B9B40 /* DJHNetworkRequest.h */,
				9F10484E22E3008C008B9B40 /* DJHNetworkRequest.m */,
			);
			path = DJHNetworking;
			sourceTree = "<group>";
		};
		9FE208E922DD610B00B1E1B7 = {
			isa = PBXGroup;
			children = (
				9FE208F522DD610B00B1E1B7 /* DJHCommonCore */,
				9FE208F422DD610B00B1E1B7 /* Products */,
				77B2DDFDD6FA4E3606E35BC4 /* Pods */,
				A54A546BBC4DCCFC2F201447 /* Frameworks */,
			);
			sourceTree = "<group>";
		};
		9FE208F422DD610B00B1E1B7 /* Products */ = {
			isa = PBXGroup;
			children = (
				9FE208F322DD610B00B1E1B7 /* DJHCommonCore.framework */,
			);
			name = Products;
			sourceTree = "<group>";
		};
		9FE208F522DD610B00B1E1B7 /* DJHCommonCore */ = {
			isa = PBXGroup;
			children = (
				9F88FA3C22E0659A00CA02F0 /* Classes */,
				9FE208F622DD610B00B1E1B7 /* DJHCommonCore.h */,
				9FE208F722DD610B00B1E1B7 /* Info.plist */,
				9F302B2023039E6100550215 /* DJHCommonCore.podspec */,
			);
			path = DJHCommonCore;
			sourceTree = "<group>";
		};
		A54A546BBC4DCCFC2F201447 /* Frameworks */ = {
			isa = PBXGroup;
			children = (
				B9A4DA7F068D90B1DCDD6DB6 /* Pods_DJHCommonCore.framework */,
			);
			name = Frameworks;
			sourceTree = "<group>";
		};
/* End PBXGroup section */

/* Begin PBXHeadersBuildPhase section */
		9FE208EE22DD610B00B1E1B7 /* Headers */ = {
			isa = PBXHeadersBuildPhase;
			buildActionMask = 2147483647;
			files = (
				9F302B3023039FCA00550215 /* DJHBaseTableViewCell.h in Headers */,
				9F033F0422F95D97008C5800 /* DJHBaseTabBarController.h in Headers */,
				9F033F0822F95DC9008C5800 /* DJHBaseViewController.h in Headers */,
				9F302B3D2303BC2400550215 /* DJHBaseViewModel.h in Headers */,
				9F302B2C23039F2C00550215 /* DJHTableSection.h in Headers */,
				9F302B4123040CFE00550215 /* DJHBaseTableViewController.h in Headers */,
				9F033F1022F96649008C5800 /* DJHBaseNavigationController.h in Headers */,
				9FF2EEA822E21FA500765590 /* DJHNetworkTool.h in Headers */,
				9F88FA4222E073AB00CA02F0 /* DJHNetworkAgent.h in Headers */,
				9FF2EEA422E1A48300765590 /* DJHBaseRequest.h in Headers */,
				9F302B2823039EEE00550215 /* DJHTheme.h in Headers */,
				9F10484F22E3008C008B9B40 /* DJHNetworkRequest.h in Headers */,
				9F302B2423039EE000550215 /* DJHThemeStyleManager.h in Headers */,
				9FE208F822DD610B00B1E1B7 /* DJHCommonCore.h in Headers */,
			);
			runOnlyForDeploymentPostprocessing = 0;
		};
/* End PBXHeadersBuildPhase section */

/* Begin PBXNativeTarget section */
		9FE208F222DD610B00B1E1B7 /* DJHCommonCore */ = {
			isa = PBXNativeTarget;
			buildConfigurationList = 9FE208FB22DD610B00B1E1B7 /* Build configuration list for PBXNativeTarget "DJHCommonCore" */;
			buildPhases = (
				E4C4B3227993B5709D6A1B27 /* [CP] Check Pods Manifest.lock */,
				9FE208EE22DD610B00B1E1B7 /* Headers */,
				9FE208EF22DD610B00B1E1B7 /* Sources */,
				9FE208F022DD610B00B1E1B7 /* Frameworks */,
				9FE208F122DD610B00B1E1B7 /* Resources */,
			);
			buildRules = (
			);
			dependencies = (
			);
			name = DJHCommonCore;
			productName = DJHCommonCore;
			productReference = 9FE208F322DD610B00B1E1B7 /* DJHCommonCore.framework */;
			productType = "com.apple.product-type.framework";
		};
/* End PBXNativeTarget section */

/* Begin PBXProject section */
		9FE208EA22DD610B00B1E1B7 /* Project object */ = {
			isa = PBXProject;
			attributes = {
				LastUpgradeCheck = 1020;
				ORGANIZATIONNAME = duanjiahuan;
				TargetAttributes = {
					9FE208F222DD610B00B1E1B7 = {
						CreatedOnToolsVersion = 10.2;
					};
				};
			};
			buildConfigurationList = 9FE208ED22DD610B00B1E1B7 /* Build configuration list for PBXProject "DJHCommonCore" */;
			compatibilityVersion = "Xcode 9.3";
			developmentRegion = en;
			hasScannedForEncodings = 0;
			knownRegions = (
				en,
				Base,
			);
			mainGroup = 9FE208E922DD610B00B1E1B7;
			productRefGroup = 9FE208F422DD610B00B1E1B7 /* Products */;
			projectDirPath = "";
			projectRoot = "";
			targets = (
				9FE208F222DD610B00B1E1B7 /* DJHCommonCore */,
			);
		};
/* End PBXProject section */

/* Begin PBXResourcesBuildPhase section */
		9FE208F122DD610B00B1E1B7 /* Resources */ = {
			isa = PBXResourcesBuildPhase;
			buildActionMask = 2147483647;
			files = (
				9F302B2123039E6100550215 /* DJHCommonCore.podspec in Resources */,
			);
			runOnlyForDeploymentPostprocessing = 0;
		};
/* End PBXResourcesBuildPhase section */

/* Begin PBXShellScriptBuildPhase section */
		E4C4B3227993B5709D6A1B27 /* [CP] Check Pods Manifest.lock */ = {
			isa = PBXShellScriptBuildPhase;
			buildActionMask = 2147483647;
			files = (
			);
			inputPaths = (
				"${PODS_PODFILE_DIR_PATH}/Podfile.lock",
				"${PODS_ROOT}/Manifest.lock",
			);
			name = "[CP] Check Pods Manifest.lock";
			outputPaths = (
				"$(DERIVED_FILE_DIR)/Pods-DJHCommonCore-checkManifestLockResult.txt",
			);
			runOnlyForDeploymentPostprocessing = 0;
			shellPath = /bin/sh;
			shellScript = "diff \"${PODS_PODFILE_DIR_PATH}/Podfile.lock\" \"${PODS_ROOT}/Manifest.lock\" > /dev/null\nif [ $? != 0 ] ; then\n    # print error to STDERR\n    echo \"error: The sandbox is not in sync with the Podfile.lock. Run 'pod install' or update your CocoaPods installation.\" >&2\n    exit 1\nfi\n# This output is used by Xcode 'outputs' to avoid re-running this script phase.\necho \"SUCCESS\" > \"${SCRIPT_OUTPUT_FILE_0}\"\n";
			showEnvVarsInLog = 0;
		};
/* End PBXShellScriptBuildPhase section */

/* Begin PBXSourcesBuildPhase section */
		9FE208EF22DD610B00B1E1B7 /* Sources */ = {
			isa = PBXSourcesBuildPhase;
			buildActionMask = 2147483647;
			files = (
				9F88FA4322E073AB00CA02F0 /* DJHNetworkAgent.m in Sources */,
				9F302B2D23039F2C00550215 /* DJHTableSection.m in Sources */,
				9FF2EEA922E21FA500765590 /* DJHNetworkTool.m in Sources */,
				9F033F1122F96649008C5800 /* DJHBaseNavigationController.m in Sources */,
				9F033F0522F95D97008C5800 /* DJHBaseTabBarController.m in Sources */,
				9F302B3123039FCA00550215 /* DJHBaseTableViewCell.m in Sources */,
				9F033F0922F95DC9008C5800 /* DJHBaseViewController.m in Sources */,
				9FF2EEA522E1A48300765590 /* DJHBaseRequest.m in Sources */,
				9F302B2523039EE000550215 /* DJHThemeStyleManager.m in Sources */,
				9F302B2923039EEE00550215 /* DJHTheme.m in Sources */,
				9F302B4223040CFE00550215 /* DJHBaseTableViewController.m in Sources */,
				9F302B3E2303BC2400550215 /* DJHBaseViewModel.m in Sources */,
				9F10485022E3008C008B9B40 /* DJHNetworkRequest.m in Sources */,
			);
			runOnlyForDeploymentPostprocessing = 0;
		};
/* End PBXSourcesBuildPhase section */

/* Begin XCBuildConfiguration section */
		9FE208F922DD610B00B1E1B7 /* Debug */ = {
			isa = XCBuildConfiguration;
			buildSettings = {
				ALWAYS_SEARCH_USER_PATHS = NO;
				CLANG_ANALYZER_NONNULL = YES;
				CLANG_ANALYZER_NUMBER_OBJECT_CONVERSION = YES_AGGRESSIVE;
				CLANG_CXX_LANGUAGE_STANDARD = "gnu++14";
				CLANG_CXX_LIBRARY = "libc++";
				CLANG_ENABLE_MODULES = YES;
				CLANG_ENABLE_OBJC_ARC = YES;
				CLANG_ENABLE_OBJC_WEAK = YES;
				CLANG_WARN_BLOCK_CAPTURE_AUTORELEASING = YES;
				CLANG_WARN_BOOL_CONVERSION = YES;
				CLANG_WARN_COMMA = YES;
				CLANG_WARN_CONSTANT_CONVERSION = YES;
				CLANG_WARN_DEPRECATED_OBJC_IMPLEMENTATIONS = YES;
				CLANG_WARN_DIRECT_OBJC_ISA_USAGE = YES_ERROR;
				CLANG_WARN_DOCUMENTATION_COMMENTS = YES;
				CLANG_WARN_EMPTY_BODY = YES;
				CLANG_WARN_ENUM_CONVERSION = YES;
				CLANG_WARN_INFINITE_RECURSION = YES;
				CLANG_WARN_INT_CONVERSION = YES;
				CLANG_WARN_NON_LITERAL_NULL_CONVERSION = YES;
				CLANG_WARN_OBJC_IMPLICIT_RETAIN_SELF = YES;
				CLANG_WARN_OBJC_LITERAL_CONVERSION = YES;
				CLANG_WARN_OBJC_ROOT_CLASS = YES_ERROR;
				CLANG_WARN_RANGE_LOOP_ANALYSIS = YES;
				CLANG_WARN_STRICT_PROTOTYPES = YES;
				CLANG_WARN_SUSPICIOUS_MOVE = YES;
				CLANG_WARN_UNGUARDED_AVAILABILITY = YES_AGGRESSIVE;
				CLANG_WARN_UNREACHABLE_CODE = YES;
				CLANG_WARN__DUPLICATE_METHOD_MATCH = YES;
				CODE_SIGN_IDENTITY = "iPhone Developer";
				COPY_PHASE_STRIP = NO;
				CURRENT_PROJECT_VERSION = 1;
				DEBUG_INFORMATION_FORMAT = dwarf;
				ENABLE_STRICT_OBJC_MSGSEND = YES;
				ENABLE_TESTABILITY = YES;
				GCC_C_LANGUAGE_STANDARD = gnu11;
				GCC_DYNAMIC_NO_PIC = NO;
				GCC_NO_COMMON_BLOCKS = YES;
				GCC_OPTIMIZATION_LEVEL = 0;
				GCC_PREPROCESSOR_DEFINITIONS = (
					"DEBUG=1",
					"$(inherited)",
				);
				GCC_WARN_64_TO_32_BIT_CONVERSION = YES;
				GCC_WARN_ABOUT_RETURN_TYPE = YES_ERROR;
				GCC_WARN_UNDECLARED_SELECTOR = YES;
				GCC_WARN_UNINITIALIZED_AUTOS = YES_AGGRESSIVE;
				GCC_WARN_UNUSED_FUNCTION = YES;
				GCC_WARN_UNUSED_VARIABLE = YES;
				IPHONEOS_DEPLOYMENT_TARGET = 12.2;
				MTL_ENABLE_DEBUG_INFO = INCLUDE_SOURCE;
				MTL_FAST_MATH = YES;
				ONLY_ACTIVE_ARCH = YES;
				SDKROOT = iphoneos;
				VERSIONING_SYSTEM = "apple-generic";
				VERSION_INFO_PREFIX = "";
			};
			name = Debug;
		};
		9FE208FA22DD610B00B1E1B7 /* Release */ = {
			isa = XCBuildConfiguration;
			buildSettings = {
				ALWAYS_SEARCH_USER_PATHS = NO;
				CLANG_ANALYZER_NONNULL = YES;
				CLANG_ANALYZER_NUMBER_OBJECT_CONVERSION = YES_AGGRESSIVE;
				CLANG_CXX_LANGUAGE_STANDARD = "gnu++14";
				CLANG_CXX_LIBRARY = "libc++";
				CLANG_ENABLE_MODULES = YES;
				CLANG_ENABLE_OBJC_ARC = YES;
				CLANG_ENABLE_OBJC_WEAK = YES;
				CLANG_WARN_BLOCK_CAPTURE_AUTORELEASING = YES;
				CLANG_WARN_BOOL_CONVERSION = YES;
				CLANG_WARN_COMMA = YES;
				CLANG_WARN_CONSTANT_CONVERSION = YES;
				CLANG_WARN_DEPRECATED_OBJC_IMPLEMENTATIONS = YES;
				CLANG_WARN_DIRECT_OBJC_ISA_USAGE = YES_ERROR;
				CLANG_WARN_DOCUMENTATION_COMMENTS = YES;
				CLANG_WARN_EMPTY_BODY = YES;
				CLANG_WARN_ENUM_CONVERSION = YES;
				CLANG_WARN_INFINITE_RECURSION = YES;
				CLANG_WARN_INT_CONVERSION = YES;
				CLANG_WARN_NON_LITERAL_NULL_CONVERSION = YES;
				CLANG_WARN_OBJC_IMPLICIT_RETAIN_SELF = YES;
				CLANG_WARN_OBJC_LITERAL_CONVERSION = YES;
				CLANG_WARN_OBJC_ROOT_CLASS = YES_ERROR;
				CLANG_WARN_RANGE_LOOP_ANALYSIS = YES;
				CLANG_WARN_STRICT_PROTOTYPES = YES;
				CLANG_WARN_SUSPICIOUS_MOVE = YES;
				CLANG_WARN_UNGUARDED_AVAILABILITY = YES_AGGRESSIVE;
				CLANG_WARN_UNREACHABLE_CODE = YES;
				CLANG_WARN__DUPLICATE_METHOD_MATCH = YES;
				CODE_SIGN_IDENTITY = "iPhone Developer";
				COPY_PHASE_STRIP = NO;
				CURRENT_PROJECT_VERSION = 1;
				DEBUG_INFORMATION_FORMAT = "dwarf-with-dsym";
				ENABLE_NS_ASSERTIONS = NO;
				ENABLE_STRICT_OBJC_MSGSEND = YES;
				GCC_C_LANGUAGE_STANDARD = gnu11;
				GCC_NO_COMMON_BLOCKS = YES;
				GCC_WARN_64_TO_32_BIT_CONVERSION = YES;
				GCC_WARN_ABOUT_RETURN_TYPE = YES_ERROR;
				GCC_WARN_UNDECLARED_SELECTOR = YES;
				GCC_WARN_UNINITIALIZED_AUTOS = YES_AGGRESSIVE;
				GCC_WARN_UNUSED_FUNCTION = YES;
				GCC_WARN_UNUSED_VARIABLE = YES;
				IPHONEOS_DEPLOYMENT_TARGET = 12.2;
				MTL_ENABLE_DEBUG_INFO = NO;
				MTL_FAST_MATH = YES;
				SDKROOT = iphoneos;
				VALIDATE_PRODUCT = YES;
				VERSIONING_SYSTEM = "apple-generic";
				VERSION_INFO_PREFIX = "";
			};
			name = Release;
		};
		9FE208FC22DD610B00B1E1B7 /* Debug */ = {
			isa = XCBuildConfiguration;
			baseConfigurationReference = B547709B642BA8CD2CA85494 /* Pods-DJHCommonCore.debug.xcconfig */;
			buildSettings = {
				CODE_SIGN_IDENTITY = "";
				CODE_SIGN_STYLE = Automatic;
				DEAD_CODE_STRIPPING = NO;
				DEFINES_MODULE = NO;
				DYLIB_COMPATIBILITY_VERSION = 1;
				DYLIB_CURRENT_VERSION = 1;
				DYLIB_INSTALL_NAME_BASE = "@rpath";
				ENABLE_BITCODE = NO;
				INFOPLIST_FILE = DJHCommonCore/Info.plist;
				INSTALL_PATH = "$(LOCAL_LIBRARY_DIR)/Frameworks";
				IPHONEOS_DEPLOYMENT_TARGET = 8.0;
				LD_RUNPATH_SEARCH_PATHS = (
					"$(inherited)",
					"@executable_path/Frameworks",
					"@loader_path/Frameworks",
				);
				LINK_WITH_STANDARD_LIBRARIES = NO;
				MACH_O_TYPE = staticlib;
				ONLY_ACTIVE_ARCH = YES;
				PRODUCT_BUNDLE_IDENTIFIER = DJH.DJHCommonCore;
				PRODUCT_NAME = "$(TARGET_NAME:c99extidentifier)";
				SKIP_INSTALL = YES;
				TARGETED_DEVICE_FAMILY = "1,2";
			};
			name = Debug;
		};
		9FE208FD22DD610B00B1E1B7 /* Release */ = {
			isa = XCBuildConfiguration;
			baseConfigurationReference = 5F20A785B31A6F83F60940F1 /* Pods-DJHCommonCore.release.xcconfig */;
			buildSettings = {
				CODE_SIGN_IDENTITY = "";
				CODE_SIGN_STYLE = Automatic;
				DEAD_CODE_STRIPPING = NO;
				DEFINES_MODULE = NO;
				DYLIB_COMPATIBILITY_VERSION = 1;
				DYLIB_CURRENT_VERSION = 1;
				DYLIB_INSTALL_NAME_BASE = "@rpath";
				ENABLE_BITCODE = NO;
				INFOPLIST_FILE = DJHCommonCore/Info.plist;
				INSTALL_PATH = "$(LOCAL_LIBRARY_DIR)/Frameworks";
				IPHONEOS_DEPLOYMENT_TARGET = 8.0;
				LD_RUNPATH_SEARCH_PATHS = (
					"$(inherited)",
					"@executable_path/Frameworks",
					"@loader_path/Frameworks",
				);
				LINK_WITH_STANDARD_LIBRARIES = NO;
				MACH_O_TYPE = staticlib;
				ONLY_ACTIVE_ARCH = NO;
				PRODUCT_BUNDLE_IDENTIFIER = DJH.DJHCommonCore;
				PRODUCT_NAME = "$(TARGET_NAME:c99extidentifier)";
				SKIP_INSTALL = YES;
				TARGETED_DEVICE_FAMILY = "1,2";
			};
			name = Release;
		};
/* End XCBuildConfiguration section */

/* Begin XCConfigurationList section */
		9FE208ED22DD610B00B1E1B7 /* Build configuration list for PBXProject "DJHCommonCore" */ = {
			isa = XCConfigurationList;
			buildConfigurations = (
				9FE208F922DD610B00B1E1B7 /* Debug */,
				9FE208FA22DD610B00B1E1B7 /* Release */,
			);
			defaultConfigurationIsVisible = 0;
			defaultConfigurationName = Release;
		};
		9FE208FB22DD610B00B1E1B7 /* Build configuration list for PBXNativeTarget "DJHCommonCore" */ = {
			isa = XCConfigurationList;
			buildConfigurations = (
				9FE208FC22DD610B00B1E1B7 /* Debug */,
				9FE208FD22DD610B00B1E1B7 /* Release */,
			);
			defaultConfigurationIsVisible = 0;
			defaultConfigurationName = Release;
		};
/* End XCConfigurationList section */
	};
	rootObject = 9FE208EA22DD610B00B1E1B7 /* Project object */;
}
